// !$*UTF8*$!
{
	archiveVersion = 1;
	classes = {
	};
	objectVersion = 46;
	objects = {

/* Begin PBXBuildFile section */
		382C11831C7E8CDD00F34BB0 /* AppDelegate+System.m in Sources */ = {isa = PBXBuildFile; fileRef = 382C11821C7E8CDD00F34BB0 /* AppDelegate+System.m */; };
		382C11861C7E930F00F34BB0 /* NSObject+ViewModel.m in Sources */ = {isa = PBXBuildFile; fileRef = 382C11851C7E930F00F34BB0 /* NSObject+ViewModel.m */; };
		382C976A1C81D686003D1D51 /* UIView+HUD.m in Sources */ = {isa = PBXBuildFile; fileRef = 382C97691C81D686003D1D51 /* UIView+HUD.m */; };
		3899BC981C7D87620032ADEA /* CFNetwork.framework in Frameworks */ = {isa = PBXBuildFile; fileRef = 3899BC971C7D87620032ADEA /* CFNetwork.framework */; };
		38A1A3371C74526C007EEEB7 /* ViewController.m in Sources */ = {isa = PBXBuildFile; fileRef = 38A1A3351C74526C007EEEB7 /* ViewController.m */; };
		38A1A33B1C7452CF007EEEB7 /* Factory.m in Sources */ = {isa = PBXBuildFile; fileRef = 38A1A33A1C7452CF007EEEB7 /* Factory.m */; };
		38A1A3461C745317007EEEB7 /* NSObject+AFNetworking.m in Sources */ = {isa = PBXBuildFile; fileRef = 38A1A3411C745317007EEEB7 /* NSObject+AFNetworking.m */; };
		38A1A3471C745317007EEEB7 /* NSObject+MJExtension.m in Sources */ = {isa = PBXBuildFile; fileRef = 38A1A3431C745317007EEEB7 /* NSObject+MJExtension.m */; };
		38A1A3481C745317007EEEB7 /* UIScrollView+Refresh.m in Sources */ = {isa = PBXBuildFile; fileRef = 38A1A3451C745317007EEEB7 /* UIScrollView+Refresh.m */; };
		38A1A34F1C74560D007EEEB7 /* .gitignore in Resources */ = {isa = PBXBuildFile; fileRef = 38A1A34A1C74560D007EEEB7 /* .gitignore */; };
		38A1A3501C74560D007EEEB7 /* PSCollectionView.m in Sources */ = {isa = PBXBuildFile; fileRef = 38A1A34C1C74560D007EEEB7 /* PSCollectionView.m */; };
		38A1A3511C74560D007EEEB7 /* PSCollectionViewCell.m in Sources */ = {isa = PBXBuildFile; fileRef = 38A1A34E1C74560D007EEEB7 /* PSCollectionViewCell.m */; };
		38A1A3551C745698007EEEB7 /* iCarousel.m in Sources */ = {isa = PBXBuildFile; fileRef = 38A1A3541C745698007EEEB7 /* iCarousel.m */; };
		38ADA3B81C626AAF0093502F /* main.m in Sources */ = {isa = PBXBuildFile; fileRef = 38ADA3B71C626AAF0093502F /* main.m */; };
		38ADA3BB1C626AAF0093502F /* AppDelegate.m in Sources */ = {isa = PBXBuildFile; fileRef = 38ADA3BA1C626AAF0093502F /* AppDelegate.m */; };
		5614A1DE1C8F1ACB00211A55 /* LoginViewController.m in Sources */ = {isa = PBXBuildFile; fileRef = 5614A1DD1C8F1ACB00211A55 /* LoginViewController.m */; };
		562166931C8606EA00680025 /* HealthModel.m in Sources */ = {isa = PBXBuildFile; fileRef = 562166921C8606EA00680025 /* HealthModel.m */; };
		562166961C8607F600680025 /* HealthNetManager.m in Sources */ = {isa = PBXBuildFile; fileRef = 562166951C8607F600680025 /* HealthNetManager.m */; };
		564A3DD11C8AAF8B000CCE38 /* Assets.xcassets in Resources */ = {isa = PBXBuildFile; fileRef = 564A3DD01C8AAF8B000CCE38 /* Assets.xcassets */; };
		564A3DD61C8AAFB0000CCE38 /* LaunchScreen.storyboard in Resources */ = {isa = PBXBuildFile; fileRef = 564A3DD21C8AAFB0000CCE38 /* LaunchScreen.storyboard */; };
		564A3DD71C8AAFB0000CCE38 /* Main.storyboard in Resources */ = {isa = PBXBuildFile; fileRef = 564A3DD41C8AAFB0000CCE38 /* Main.storyboard */; };
		56F67D041C87458100DE48AE /* NTableViewCell.m in Sources */ = {isa = PBXBuildFile; fileRef = 56F67D021C87458100DE48AE /* NTableViewCell.m */; };
		56F67D051C87458100DE48AE /* NTableViewCell.xib in Resources */ = {isa = PBXBuildFile; fileRef = 56F67D031C87458100DE48AE /* NTableViewCell.xib */; };
		7BADFFA4FF0A3162B67E0831 /* libPods-TRProject.a in Frameworks */ = {isa = PBXBuildFile; fileRef = 8759E2D9A62BE10618FCC99C /* libPods-TRProject.a */; };
		850E95811C8FBAF1002EBE08 /* TestViewController.m in Sources */ = {isa = PBXBuildFile; fileRef = 850E95801C8FBAF1002EBE08 /* TestViewController.m */; };
		856871CC1C8714D100AF71B3 /* PageViewController.m in Sources */ = {isa = PBXBuildFile; fileRef = 856871CB1C8714D100AF71B3 /* PageViewController.m */; };
		857EF3711C8FD21200B9D0BB /* RegisterViewController.m in Sources */ = {isa = PBXBuildFile; fileRef = 857EF3701C8FD21200B9D0BB /* RegisterViewController.m */; };
		857EF3741C8FF44E00B9D0BB /* MessageNetManager.m in Sources */ = {isa = PBXBuildFile; fileRef = 857EF3731C8FF44E00B9D0BB /* MessageNetManager.m */; };
		857EF3C91C90451D00B9D0BB /* UMSocialLocalizable.strings in Resources */ = {isa = PBXBuildFile; fileRef = 857EF3771C90451D00B9D0BB /* UMSocialLocalizable.strings */; };
		857EF3CA1C90451D00B9D0BB /* libUMSocial_Sdk_5.0.a in Frameworks */ = {isa = PBXBuildFile; fileRef = 857EF3851C90451D00B9D0BB /* libUMSocial_Sdk_5.0.a */; };
		857EF3CB1C90451D00B9D0BB /* libUMSocial_Sdk_Comment_5.0.a in Frameworks */ = {isa = PBXBuildFile; fileRef = 857EF3861C90451D00B9D0BB /* libUMSocial_Sdk_Comment_5.0.a */; };
		857EF3CC1C90451D00B9D0BB /* UMSCommentDetailController.xib in Resources */ = {isa = PBXBuildFile; fileRef = 857EF3881C90451D00B9D0BB /* UMSCommentDetailController.xib */; };
		857EF3CD1C90451D00B9D0BB /* UMSCommentInputController.xib in Resources */ = {isa = PBXBuildFile; fileRef = 857EF3891C90451D00B9D0BB /* UMSCommentInputController.xib */; };
		857EF3CE1C90451D00B9D0BB /* UMSCommentInputControlleriPad.xib in Resources */ = {isa = PBXBuildFile; fileRef = 857EF38A1C90451D00B9D0BB /* UMSCommentInputControlleriPad.xib */; };
		857EF3CF1C90451D00B9D0BB /* UMShareEditViewController.xib in Resources */ = {isa = PBXBuildFile; fileRef = 857EF38B1C90451D00B9D0BB /* UMShareEditViewController.xib */; };
		857EF3D01C90451D00B9D0BB /* UMShareEditViewControlleriPad.xib in Resources */ = {isa = PBXBuildFile; fileRef = 857EF38C1C90451D00B9D0BB /* UMShareEditViewControlleriPad.xib */; };
		857EF3D11C90451D00B9D0BB /* UMSLoginViewController.xib in Resources */ = {isa = PBXBuildFile; fileRef = 857EF38D1C90451D00B9D0BB /* UMSLoginViewController.xib */; };
		857EF3D21C90451D00B9D0BB /* UMSnsAccountViewController.xib in Resources */ = {isa = PBXBuildFile; fileRef = 857EF38E1C90451D00B9D0BB /* UMSnsAccountViewController.xib */; };
		857EF3D31C90451D00B9D0BB /* UMSShareListController.xib in Resources */ = {isa = PBXBuildFile; fileRef = 857EF38F1C90451D00B9D0BB /* UMSShareListController.xib */; };
		857EF3D41C90451D00B9D0BB /* UMSocialSDKResourcesNew.bundle in Resources */ = {isa = PBXBuildFile; fileRef = 857EF3901C90451D00B9D0BB /* UMSocialSDKResourcesNew.bundle */; };
		857EF3D51C90451D00B9D0BB /* libAPOpenSdk.a in Frameworks */ = {isa = PBXBuildFile; fileRef = 857EF3961C90451D00B9D0BB /* libAPOpenSdk.a */; };
		857EF3D61C90451D00B9D0BB /* libSocialAlipayShare.a in Frameworks */ = {isa = PBXBuildFile; fileRef = 857EF3971C90451D00B9D0BB /* libSocialAlipayShare.a */; };
		857EF3D71C90451D00B9D0BB /* libSocialSinaSSO.a in Frameworks */ = {isa = PBXBuildFile; fileRef = 857EF39A1C90451D00B9D0BB /* libSocialSinaSSO.a */; };
		857EF3D81C90451D00B9D0BB /* libWeiboSDK.a in Frameworks */ = {isa = PBXBuildFile; fileRef = 857EF39B1C90451D00B9D0BB /* libWeiboSDK.a */; };
		857EF3D91C90451D00B9D0BB /* WeiboSDK.bundle in Resources */ = {isa = PBXBuildFile; fileRef = 857EF3A51C90451D00B9D0BB /* WeiboSDK.bundle */; };
		857EF3DA1C90451D00B9D0BB /* libSocialQQ.a in Frameworks */ = {isa = PBXBuildFile; fileRef = 857EF3A91C90451D00B9D0BB /* libSocialQQ.a */; };
		857EF3DB1C90451D00B9D0BB /* TencentOpenAPI.framework in Frameworks */ = {isa = PBXBuildFile; fileRef = 857EF3AA1C90451D00B9D0BB /* TencentOpenAPI.framework */; };
		857EF3DC1C90451D00B9D0BB /* TencentOpenApi_IOS_Bundle.bundle in Resources */ = {isa = PBXBuildFile; fileRef = 857EF3AB1C90451D00B9D0BB /* TencentOpenApi_IOS_Bundle.bundle */; };
		857EF3DD1C90451D00B9D0BB /* ios-social-sdk-shake.html in Resources */ = {isa = PBXBuildFile; fileRef = 857EF3AE1C90451D00B9D0BB /* ios-social-sdk-shake.html */; };
		857EF3DE1C90451D00B9D0BB /* libUMSocial_Sdk_ScreenShot_1.0.a in Frameworks */ = {isa = PBXBuildFile; fileRef = 857EF3AF1C90451D00B9D0BB /* libUMSocial_Sdk_ScreenShot_1.0.a */; };
		857EF3DF1C90451D00B9D0BB /* ios-social-sdk-shake.html in Resources */ = {isa = PBXBuildFile; fileRef = 857EF3B21C90451D00B9D0BB /* ios-social-sdk-shake.html */; };
		857EF3E01C90451D00B9D0BB /* libUMSocial_Sdk_Shake_1.0.a in Frameworks */ = {isa = PBXBuildFile; fileRef = 857EF3B31C90451D00B9D0BB /* libUMSocial_Sdk_Shake_1.0.a */; };
		857EF3E11C90451D00B9D0BB /* libSocialWechat.a in Frameworks */ = {isa = PBXBuildFile; fileRef = 857EF3B61C90451D00B9D0BB /* libSocialWechat.a */; };
		857EF3E21C90451D00B9D0BB /* libWeChatSDK.a in Frameworks */ = {isa = PBXBuildFile; fileRef = 857EF3B71C90451D00B9D0BB /* libWeChatSDK.a */; };
		857EF3E31C90451D00B9D0BB /* iOS-social-analytics-releasenote.html in Resources */ = {isa = PBXBuildFile; fileRef = 857EF3BD1C90451D00B9D0BB /* iOS-social-analytics-releasenote.html */; };
		857EF3E41C90451D00B9D0BB /* iOS-social-releasenote.html in Resources */ = {isa = PBXBuildFile; fileRef = 857EF3BE1C90451D00B9D0BB /* iOS-social-releasenote.html */; };
		857EF3E51C90451D00B9D0BB /* ios-social-sdk-comment-detail.html in Resources */ = {isa = PBXBuildFile; fileRef = 857EF3BF1C90451D00B9D0BB /* ios-social-sdk-comment-detail.html */; };
		857EF3E61C90451D00B9D0BB /* ios-social-sdk-comment-quick.html in Resources */ = {isa = PBXBuildFile; fileRef = 857EF3C01C90451D00B9D0BB /* ios-social-sdk-comment-quick.html */; };
		857EF3E71C90451D00B9D0BB /* ios-social-sdk-like.html in Resources */ = {isa = PBXBuildFile; fileRef = 857EF3C11C90451D00B9D0BB /* ios-social-sdk-like.html */; };
		857EF3E81C90451D00B9D0BB /* ios-social-sdk-login-detail.html in Resources */ = {isa = PBXBuildFile; fileRef = 857EF3C21C90451D00B9D0BB /* ios-social-sdk-login-detail.html */; };
		857EF3E91C90451D00B9D0BB /* ios-social-sdk-login-quick.html in Resources */ = {isa = PBXBuildFile; fileRef = 857EF3C31C90451D00B9D0BB /* ios-social-sdk-login-quick.html */; };
		857EF3EA1C90451D00B9D0BB /* ios-social-sdk-shake.html in Resources */ = {isa = PBXBuildFile; fileRef = 857EF3C41C90451D00B9D0BB /* ios-social-sdk-shake.html */; };
		857EF3EB1C90451D00B9D0BB /* ios-social-sdk-share-detail.html in Resources */ = {isa = PBXBuildFile; fileRef = 857EF3C51C90451D00B9D0BB /* ios-social-sdk-share-detail.html */; };
		857EF3EC1C90451D00B9D0BB /* ios-social-sdk-share-quick.html in Resources */ = {isa = PBXBuildFile; fileRef = 857EF3C61C90451D00B9D0BB /* ios-social-sdk-share-quick.html */; };
		857EF3ED1C90451D00B9D0BB /* ios-social-sdk-socialbar.html in Resources */ = {isa = PBXBuildFile; fileRef = 857EF3C71C90451D00B9D0BB /* ios-social-sdk-socialbar.html */; };
		857EF3EE1C90451D00B9D0BB /* markdown.css in Resources */ = {isa = PBXBuildFile; fileRef = 857EF3C81C90451D00B9D0BB /* markdown.css */; };
		857EF3F01C90454600B9D0BB /* Security.framework in Frameworks */ = {isa = PBXBuildFile; fileRef = 857EF3EF1C90454600B9D0BB /* Security.framework */; };
		857EF3F21C90454F00B9D0BB /* libiconv.tbd in Frameworks */ = {isa = PBXBuildFile; fileRef = 857EF3F11C90454F00B9D0BB /* libiconv.tbd */; };
		857EF3F41C90455800B9D0BB /* CoreGraphics.framework in Frameworks */ = {isa = PBXBuildFile; fileRef = 857EF3F31C90455800B9D0BB /* CoreGraphics.framework */; };
		857EF3F61C90456000B9D0BB /* libsqlite3.tbd in Frameworks */ = {isa = PBXBuildFile; fileRef = 857EF3F51C90456000B9D0BB /* libsqlite3.tbd */; };
		857EF3F81C90456800B9D0BB /* CoreTelephony.framework in Frameworks */ = {isa = PBXBuildFile; fileRef = 857EF3F71C90456800B9D0BB /* CoreTelephony.framework */; };
		857EF3FA1C90457100B9D0BB /* libstdc++.tbd in Frameworks */ = {isa = PBXBuildFile; fileRef = 857EF3F91C90457100B9D0BB /* libstdc++.tbd */; };
		857EF3FC1C90457800B9D0BB /* libz.tbd in Frameworks */ = {isa = PBXBuildFile; fileRef = 857EF3FB1C90457800B9D0BB /* libz.tbd */; };
		85CDD85F1C8965E4005697E5 /* DetailViewController.m in Sources */ = {isa = PBXBuildFile; fileRef = 85CDD85E1C8965E4005697E5 /* DetailViewController.m */; };
		85CDD8651C897D8D005697E5 /* LeftTableViewController.m in Sources */ = {isa = PBXBuildFile; fileRef = 85CDD8641C897D8D005697E5 /* LeftTableViewController.m */; };
		85EEE30D1C8668AF00F9855B /* OTableViewCell.m in Sources */ = {isa = PBXBuildFile; fileRef = 85EEE30B1C8668AF00F9855B /* OTableViewCell.m */; };
		85EEE30E1C8668AF00F9855B /* OTableViewCell.xib in Resources */ = {isa = PBXBuildFile; fileRef = 85EEE30C1C8668AF00F9855B /* OTableViewCell.xib */; };
		85EEE3121C8668C700F9855B /* TTableViewCell.m in Sources */ = {isa = PBXBuildFile; fileRef = 85EEE3101C8668C700F9855B /* TTableViewCell.m */; };
		85EEE3131C8668C700F9855B /* TTableViewCell.xib in Resources */ = {isa = PBXBuildFile; fileRef = 85EEE3111C8668C700F9855B /* TTableViewCell.xib */; };
		85EEE31C1C86A71F00F9855B /* HealthViewModel.m in Sources */ = {isa = PBXBuildFile; fileRef = 85EEE31B1C86A71F00F9855B /* HealthViewModel.m */; };
/* End PBXBuildFile section */

/* Begin PBXFileReference section */
		382C11811C7E8CDD00F34BB0 /* AppDelegate+System.h */ = {isa = PBXFileReference; fileEncoding = 4; lastKnownFileType = sourcecode.c.h; path = "AppDelegate+System.h"; sourceTree = "<group>"; };
		382C11821C7E8CDD00F34BB0 /* AppDelegate+System.m */ = {isa = PBXFileReference; fileEncoding = 4; lastKnownFileType = sourcecode.c.objc; path = "AppDelegate+System.m"; sourceTree = "<group>"; };
		382C11841C7E930F00F34BB0 /* NSObject+ViewModel.h */ = {isa = PBXFileReference; fileEncoding = 4; lastKnownFileType = sourcecode.c.h; path = "NSObject+ViewModel.h"; sourceTree = "<group>"; };
		382C11851C7E930F00F34BB0 /* NSObject+ViewModel.m */ = {isa = PBXFileReference; fileEncoding = 4; lastKnownFileType = sourcecode.c.objc; path = "NSObject+ViewModel.m"; sourceTree = "<group>"; };
		382C97681C81D686003D1D51 /* UIView+HUD.h */ = {isa = PBXFileReference; fileEncoding = 4; lastKnownFileType = sourcecode.c.h; path = "UIView+HUD.h"; sourceTree = "<group>"; };
		382C97691C81D686003D1D51 /* UIView+HUD.m */ = {isa = PBXFileReference; fileEncoding = 4; lastKnownFileType = sourcecode.c.objc; path = "UIView+HUD.m"; sourceTree = "<group>"; };
		3899BC971C7D87620032ADEA /* CFNetwork.framework */ = {isa = PBXFileReference; lastKnownFileType = wrapper.framework; name = CFNetwork.framework; path = System/Library/Frameworks/CFNetwork.framework; sourceTree = SDKROOT; };
		38A1A3341C74526C007EEEB7 /* ViewController.h */ = {isa = PBXFileReference; fileEncoding = 4; lastKnownFileType = sourcecode.c.h; path = ViewController.h; sourceTree = "<group>"; };
		38A1A3351C74526C007EEEB7 /* ViewController.m */ = {isa = PBXFileReference; fileEncoding = 4; lastKnownFileType = sourcecode.c.objc; path = ViewController.m; sourceTree = "<group>"; };
		38A1A3381C74527F007EEEB7 /* PrefixHeader.pch */ = {isa = PBXFileReference; lastKnownFileType = sourcecode.c.h; path = PrefixHeader.pch; sourceTree = "<group>"; };
		38A1A3391C7452CF007EEEB7 /* Factory.h */ = {isa = PBXFileReference; fileEncoding = 4; lastKnownFileType = sourcecode.c.h; path = Factory.h; sourceTree = "<group>"; };
		38A1A33A1C7452CF007EEEB7 /* Factory.m */ = {isa = PBXFileReference; fileEncoding = 4; lastKnownFileType = sourcecode.c.objc; path = Factory.m; sourceTree = "<group>"; };
		38A1A33F1C7452F2007EEEB7 /* Constant.h */ = {isa = PBXFileReference; lastKnownFileType = sourcecode.c.h; path = Constant.h; sourceTree = "<group>"; };
		38A1A3401C745317007EEEB7 /* NSObject+AFNetworking.h */ = {isa = PBXFileReference; fileEncoding = 4; lastKnownFileType = sourcecode.c.h; path = "NSObject+AFNetworking.h"; sourceTree = "<group>"; };
		38A1A3411C745317007EEEB7 /* NSObject+AFNetworking.m */ = {isa = PBXFileReference; fileEncoding = 4; lastKnownFileType = sourcecode.c.objc; path = "NSObject+AFNetworking.m"; sourceTree = "<group>"; };
		38A1A3421C745317007EEEB7 /* NSObject+MJExtension.h */ = {isa = PBXFileReference; fileEncoding = 4; lastKnownFileType = sourcecode.c.h; path = "NSObject+MJExtension.h"; sourceTree = "<group>"; };
		38A1A3431C745317007EEEB7 /* NSObject+MJExtension.m */ = {isa = PBXFileReference; fileEncoding = 4; lastKnownFileType = sourcecode.c.objc; path = "NSObject+MJExtension.m"; sourceTree = "<group>"; };
		38A1A3441C745317007EEEB7 /* UIScrollView+Refresh.h */ = {isa = PBXFileReference; fileEncoding = 4; lastKnownFileType = sourcecode.c.h; path = "UIScrollView+Refresh.h"; sourceTree = "<group>"; };
		38A1A3451C745317007EEEB7 /* UIScrollView+Refresh.m */ = {isa = PBXFileReference; fileEncoding = 4; lastKnownFileType = sourcecode.c.objc; path = "UIScrollView+Refresh.m"; sourceTree = "<group>"; };
		38A1A34A1C74560D007EEEB7 /* .gitignore */ = {isa = PBXFileReference; fileEncoding = 4; lastKnownFileType = text; path = .gitignore; sourceTree = "<group>"; };
		38A1A34B1C74560D007EEEB7 /* PSCollectionView.h */ = {isa = PBXFileReference; fileEncoding = 4; lastKnownFileType = sourcecode.c.h; path = PSCollectionView.h; sourceTree = "<group>"; };
		38A1A34C1C74560D007EEEB7 /* PSCollectionView.m */ = {isa = PBXFileReference; fileEncoding = 4; lastKnownFileType = sourcecode.c.objc; path = PSCollectionView.m; sourceTree = "<group>"; };
		38A1A34D1C74560D007EEEB7 /* PSCollectionViewCell.h */ = {isa = PBXFileReference; fileEncoding = 4; lastKnownFileType = sourcecode.c.h; path = PSCollectionViewCell.h; sourceTree = "<group>"; };
		38A1A34E1C74560D007EEEB7 /* PSCollectionViewCell.m */ = {isa = PBXFileReference; fileEncoding = 4; lastKnownFileType = sourcecode.c.objc; path = PSCollectionViewCell.m; sourceTree = "<group>"; };
		38A1A3531C745698007EEEB7 /* iCarousel.h */ = {isa = PBXFileReference; fileEncoding = 4; lastKnownFileType = sourcecode.c.h; path = iCarousel.h; sourceTree = "<group>"; };
		38A1A3541C745698007EEEB7 /* iCarousel.m */ = {isa = PBXFileReference; fileEncoding = 4; lastKnownFileType = sourcecode.c.objc; path = iCarousel.m; sourceTree = "<group>"; };
		38ADA3B31C626AAF0093502F /* TRProject.app */ = {isa = PBXFileReference; explicitFileType = wrapper.application; includeInIndex = 0; path = TRProject.app; sourceTree = BUILT_PRODUCTS_DIR; };
		38ADA3B71C626AAF0093502F /* main.m */ = {isa = PBXFileReference; lastKnownFileType = sourcecode.c.objc; path = main.m; sourceTree = "<group>"; };
		38ADA3B91C626AAF0093502F /* AppDelegate.h */ = {isa = PBXFileReference; lastKnownFileType = sourcecode.c.h; path = AppDelegate.h; sourceTree = "<group>"; };
		38ADA3BA1C626AAF0093502F /* AppDelegate.m */ = {isa = PBXFileReference; lastKnownFileType = sourcecode.c.objc; path = AppDelegate.m; sourceTree = "<group>"; };
		38ADA3C71C626AAF0093502F /* Info.plist */ = {isa = PBXFileReference; lastKnownFileType = text.plist.xml; path = Info.plist; sourceTree = "<group>"; };
		5614A1DC1C8F1ACB00211A55 /* LoginViewController.h */ = {isa = PBXFileReference; fileEncoding = 4; lastKnownFileType = sourcecode.c.h; path = LoginViewController.h; sourceTree = "<group>"; };
		5614A1DD1C8F1ACB00211A55 /* LoginViewController.m */ = {isa = PBXFileReference; fileEncoding = 4; lastKnownFileType = sourcecode.c.objc; path = LoginViewController.m; sourceTree = "<group>"; };
		562166911C8606EA00680025 /* HealthModel.h */ = {isa = PBXFileReference; fileEncoding = 4; lastKnownFileType = sourcecode.c.h; path = HealthModel.h; sourceTree = "<group>"; };
		562166921C8606EA00680025 /* HealthModel.m */ = {isa = PBXFileReference; fileEncoding = 4; lastKnownFileType = sourcecode.c.objc; path = HealthModel.m; sourceTree = "<group>"; };
		562166941C8607F600680025 /* HealthNetManager.h */ = {isa = PBXFileReference; fileEncoding = 4; lastKnownFileType = sourcecode.c.h; path = HealthNetManager.h; sourceTree = "<group>"; };
		562166951C8607F600680025 /* HealthNetManager.m */ = {isa = PBXFileReference; fileEncoding = 4; lastKnownFileType = sourcecode.c.objc; path = HealthNetManager.m; sourceTree = "<group>"; };
		562166971C8608D000680025 /* HealthPath.h */ = {isa = PBXFileReference; lastKnownFileType = sourcecode.c.h; path = HealthPath.h; sourceTree = "<group>"; };
		564A3DD01C8AAF8B000CCE38 /* Assets.xcassets */ = {isa = PBXFileReference; lastKnownFileType = folder.assetcatalog; name = Assets.xcassets; path = TRProject/Assets.xcassets; sourceTree = SOURCE_ROOT; };
		564A3DD31C8AAFB0000CCE38 /* Base */ = {isa = PBXFileReference; lastKnownFileType = file.storyboard; name = Base; path = TRProject/Base.lproj/LaunchScreen.storyboard; sourceTree = SOURCE_ROOT; };
		564A3DD51C8AAFB0000CCE38 /* Base */ = {isa = PBXFileReference; lastKnownFileType = file.storyboard; name = Base; path = TRProject/Base.lproj/Main.storyboard; sourceTree = SOURCE_ROOT; };
		56F67D011C87458100DE48AE /* NTableViewCell.h */ = {isa = PBXFileReference; fileEncoding = 4; lastKnownFileType = sourcecode.c.h; path = NTableViewCell.h; sourceTree = "<group>"; };
		56F67D021C87458100DE48AE /* NTableViewCell.m */ = {isa = PBXFileReference; fileEncoding = 4; lastKnownFileType = sourcecode.c.objc; path = NTableViewCell.m; sourceTree = "<group>"; };
		56F67D031C87458100DE48AE /* NTableViewCell.xib */ = {isa = PBXFileReference; fileEncoding = 4; lastKnownFileType = file.xib; path = NTableViewCell.xib; sourceTree = "<group>"; };
		70276005029EE88E7F2474B9 /* Pods-TRProject.release.xcconfig */ = {isa = PBXFileReference; includeInIndex = 1; lastKnownFileType = text.xcconfig; name = "Pods-TRProject.release.xcconfig"; path = "Pods/Target Support Files/Pods-TRProject/Pods-TRProject.release.xcconfig"; sourceTree = "<group>"; };
		7BA1DBF911CCDD099DBC3032 /* Pods-TRProject.debug.xcconfig */ = {isa = PBXFileReference; includeInIndex = 1; lastKnownFileType = text.xcconfig; name = "Pods-TRProject.debug.xcconfig"; path = "Pods/Target Support Files/Pods-TRProject/Pods-TRProject.debug.xcconfig"; sourceTree = "<group>"; };
		850E957F1C8FBAF1002EBE08 /* TestViewController.h */ = {isa = PBXFileReference; fileEncoding = 4; lastKnownFileType = sourcecode.c.h; path = TestViewController.h; sourceTree = "<group>"; };
		850E95801C8FBAF1002EBE08 /* TestViewController.m */ = {isa = PBXFileReference; fileEncoding = 4; lastKnownFileType = sourcecode.c.objc; path = TestViewController.m; sourceTree = "<group>"; };
		856871CA1C8714D100AF71B3 /* PageViewController.h */ = {isa = PBXFileReference; fileEncoding = 4; lastKnownFileType = sourcecode.c.h; path = PageViewController.h; sourceTree = "<group>"; };
		856871CB1C8714D100AF71B3 /* PageViewController.m */ = {isa = PBXFileReference; fileEncoding = 4; lastKnownFileType = sourcecode.c.objc; path = PageViewController.m; sourceTree = "<group>"; };
		857EF36F1C8FD21200B9D0BB /* RegisterViewController.h */ = {isa = PBXFileReference; fileEncoding = 4; lastKnownFileType = sourcecode.c.h; path = RegisterViewController.h; sourceTree = "<group>"; };
		857EF3701C8FD21200B9D0BB /* RegisterViewController.m */ = {isa = PBXFileReference; fileEncoding = 4; lastKnownFileType = sourcecode.c.objc; path = RegisterViewController.m; sourceTree = "<group>"; };
		857EF3721C8FF44E00B9D0BB /* MessageNetManager.h */ = {isa = PBXFileReference; fileEncoding = 4; lastKnownFileType = sourcecode.c.h; path = MessageNetManager.h; sourceTree = "<group>"; };
		857EF3731C8FF44E00B9D0BB /* MessageNetManager.m */ = {isa = PBXFileReference; fileEncoding = 4; lastKnownFileType = sourcecode.c.objc; path = MessageNetManager.m; sourceTree = "<group>"; };
		857EF3781C90451D00B9D0BB /* en */ = {isa = PBXFileReference; lastKnownFileType = text.plist.strings; name = en; path = en.lproj/UMSocialLocalizable.strings; sourceTree = "<group>"; };
		857EF37A1C90451D00B9D0BB /* UMSocial.h */ = {isa = PBXFileReference; fileEncoding = 4; lastKnownFileType = sourcecode.c.h; path = UMSocial.h; sourceTree = "<group>"; };
		857EF37B1C90451D00B9D0BB /* UMSocialAccountManager.h */ = {isa = PBXFileReference; fileEncoding = 4; lastKnownFileType = sourcecode.c.h; path = UMSocialAccountManager.h; sourceTree = "<group>"; };
		857EF37C1C90451D00B9D0BB /* UMSocialBar.h */ = {isa = PBXFileReference; fileEncoding = 4; lastKnownFileType = sourcecode.c.h; path = UMSocialBar.h; sourceTree = "<group>"; };
		857EF37D1C90451D00B9D0BB /* UMSocialConfig.h */ = {isa = PBXFileReference; fileEncoding = 4; lastKnownFileType = sourcecode.c.h; path = UMSocialConfig.h; sourceTree = "<group>"; };
		857EF37E1C90451D00B9D0BB /* UMSocialControllerService.h */ = {isa = PBXFileReference; fileEncoding = 4; lastKnownFileType = sourcecode.c.h; path = UMSocialControllerService.h; sourceTree = "<group>"; };
		857EF37F1C90451D00B9D0BB /* UMSocialControllerServiceComment.h */ = {isa = PBXFileReference; fileEncoding = 4; lastKnownFileType = sourcecode.c.h; path = UMSocialControllerServiceComment.h; sourceTree = "<group>"; };
		857EF3801C90451D00B9D0BB /* UMSocialData.h */ = {isa = PBXFileReference; fileEncoding = 4; lastKnownFileType = sourcecode.c.h; path = UMSocialData.h; sourceTree = "<group>"; };
		857EF3811C90451D00B9D0BB /* UMSocialDataService.h */ = {isa = PBXFileReference; fileEncoding = 4; lastKnownFileType = sourcecode.c.h; path = UMSocialDataService.h; sourceTree = "<group>"; };
		857EF3821C90451D00B9D0BB /* UMSocialSnsData.h */ = {isa = PBXFileReference; fileEncoding = 4; lastKnownFileType = sourcecode.c.h; path = UMSocialSnsData.h; sourceTree = "<group>"; };
		857EF3831C90451D00B9D0BB /* UMSocialSnsPlatformManager.h */ = {isa = PBXFileReference; fileEncoding = 4; lastKnownFileType = sourcecode.c.h; path = UMSocialSnsPlatformManager.h; sourceTree = "<group>"; };
		857EF3841C90451D00B9D0BB /* UMSocialSnsService.h */ = {isa = PBXFileReference; fileEncoding = 4; lastKnownFileType = sourcecode.c.h; path = UMSocialSnsService.h; sourceTree = "<group>"; };
		857EF3851C90451D00B9D0BB /* libUMSocial_Sdk_5.0.a */ = {isa = PBXFileReference; lastKnownFileType = archive.ar; path = libUMSocial_Sdk_5.0.a; sourceTree = "<group>"; };
		857EF3861C90451D00B9D0BB /* libUMSocial_Sdk_Comment_5.0.a */ = {isa = PBXFileReference; lastKnownFileType = archive.ar; path = libUMSocial_Sdk_Comment_5.0.a; sourceTree = "<group>"; };
		857EF3881C90451D00B9D0BB /* UMSCommentDetailController.xib */ = {isa = PBXFileReference; fileEncoding = 4; lastKnownFileType = file.xib; path = UMSCommentDetailController.xib; sourceTree = "<group>"; };
		857EF3891C90451D00B9D0BB /* UMSCommentInputController.xib */ = {isa = PBXFileReference; fileEncoding = 4; lastKnownFileType = file.xib; path = UMSCommentInputController.xib; sourceTree = "<group>"; };
		857EF38A1C90451D00B9D0BB /* UMSCommentInputControlleriPad.xib */ = {isa = PBXFileReference; fileEncoding = 4; lastKnownFileType = file.xib; path = UMSCommentInputControlleriPad.xib; sourceTree = "<group>"; };
		857EF38B1C90451D00B9D0BB /* UMShareEditViewController.xib */ = {isa = PBXFileReference; fileEncoding = 4; lastKnownFileType = file.xib; path = UMShareEditViewController.xib; sourceTree = "<group>"; };
		857EF38C1C90451D00B9D0BB /* UMShareEditViewControlleriPad.xib */ = {isa = PBXFileReference; fileEncoding = 4; lastKnownFileType = file.xib; path = UMShareEditViewControlleriPad.xib; sourceTree = "<group>"; };
		857EF38D1C90451D00B9D0BB /* UMSLoginViewController.xib */ = {isa = PBXFileReference; fileEncoding = 4; lastKnownFileType = file.xib; path = UMSLoginViewController.xib; sourceTree = "<group>"; };
		857EF38E1C90451D00B9D0BB /* UMSnsAccountViewController.xib */ = {isa = PBXFileReference; fileEncoding = 4; lastKnownFileType = file.xib; path = UMSnsAccountViewController.xib; sourceTree = "<group>"; };
		857EF38F1C90451D00B9D0BB /* UMSShareListController.xib */ = {isa = PBXFileReference; fileEncoding = 4; lastKnownFileType = file.xib; path = UMSShareListController.xib; sourceTree = "<group>"; };
		857EF3901C90451D00B9D0BB /* UMSocialSDKResourcesNew.bundle */ = {isa = PBXFileReference; lastKnownFileType = "wrapper.plug-in"; path = UMSocialSDKResourcesNew.bundle; sourceTree = "<group>"; };
		857EF3911C90451D00B9D0BB /* zh-Hans */ = {isa = PBXFileReference; lastKnownFileType = text.plist.strings; name = "zh-Hans"; path = "zh-Hans.lproj/UMSocialLocalizable.strings"; sourceTree = "<group>"; };
		857EF3941C90451D00B9D0BB /* APOpenAPI.h */ = {isa = PBXFileReference; fileEncoding = 4; lastKnownFileType = sourcecode.c.h; path = APOpenAPI.h; sourceTree = "<group>"; };
		857EF3951C90451D00B9D0BB /* APOpenAPIObject.h */ = {isa = PBXFileReference; fileEncoding = 4; lastKnownFileType = sourcecode.c.h; path = APOpenAPIObject.h; sourceTree = "<group>"; };
		857EF3961C90451D00B9D0BB /* libAPOpenSdk.a */ = {isa = PBXFileReference; lastKnownFileType = archive.ar; path = libAPOpenSdk.a; sourceTree = "<group>"; };
		857EF3971C90451D00B9D0BB /* libSocialAlipayShare.a */ = {isa = PBXFileReference; lastKnownFileType = archive.ar; path = libSocialAlipayShare.a; sourceTree = "<group>"; };
		857EF3981C90451D00B9D0BB /* UMSocialAlipayShareHandler.h */ = {isa = PBXFileReference; fileEncoding = 4; lastKnownFileType = sourcecode.c.h; path = UMSocialAlipayShareHandler.h; sourceTree = "<group>"; };
		857EF39A1C90451D00B9D0BB /* libSocialSinaSSO.a */ = {isa = PBXFileReference; lastKnownFileType = archive.ar; path = libSocialSinaSSO.a; sourceTree = "<group>"; };
		857EF39B1C90451D00B9D0BB /* libWeiboSDK.a */ = {isa = PBXFileReference; lastKnownFileType = archive.ar; path = libWeiboSDK.a; sourceTree = "<group>"; };
		857EF39C1C90451D00B9D0BB /* UMSocialSinaSSOHandler.h */ = {isa = PBXFileReference; fileEncoding = 4; lastKnownFileType = sourcecode.c.h; path = UMSocialSinaSSOHandler.h; sourceTree = "<group>"; };
		857EF39D1C90451D00B9D0BB /* WBHttpRequest+WeiboGame.h */ = {isa = PBXFileReference; fileEncoding = 4; lastKnownFileType = sourcecode.c.h; path = "WBHttpRequest+WeiboGame.h"; sourceTree = "<group>"; };
		857EF39E1C90451D00B9D0BB /* WBHttpRequest+WeiboShare.h */ = {isa = PBXFileReference; fileEncoding = 4; lastKnownFileType = sourcecode.c.h; path = "WBHttpRequest+WeiboShare.h"; sourceTree = "<group>"; };
		857EF39F1C90451D00B9D0BB /* WBHttpRequest+WeiboToken.h */ = {isa = PBXFileReference; fileEncoding = 4; lastKnownFileType = sourcecode.c.h; path = "WBHttpRequest+WeiboToken.h"; sourceTree = "<group>"; };
		857EF3A01C90451D00B9D0BB /* WBHttpRequest+WeiboUser.h */ = {isa = PBXFileReference; fileEncoding = 4; lastKnownFileType = sourcecode.c.h; path = "WBHttpRequest+WeiboUser.h"; sourceTree = "<group>"; };
		857EF3A11C90451D00B9D0BB /* WBHttpRequest.h */ = {isa = PBXFileReference; fileEncoding = 4; lastKnownFileType = sourcecode.c.h; path = WBHttpRequest.h; sourceTree = "<group>"; };
		857EF3A21C90451D00B9D0BB /* WBSDKBasicButton.h */ = {isa = PBXFileReference; fileEncoding = 4; lastKnownFileType = sourcecode.c.h; path = WBSDKBasicButton.h; sourceTree = "<group>"; };
		857EF3A31C90451D00B9D0BB /* WBSDKCommentButton.h */ = {isa = PBXFileReference; fileEncoding = 4; lastKnownFileType = sourcecode.c.h; path = WBSDKCommentButton.h; sourceTree = "<group>"; };
		857EF3A41C90451D00B9D0BB /* WBSDKRelationshipButton.h */ = {isa = PBXFileReference; fileEncoding = 4; lastKnownFileType = sourcecode.c.h; path = WBSDKRelationshipButton.h; sourceTree = "<group>"; };
		857EF3A51C90451D00B9D0BB /* WeiboSDK.bundle */ = {isa = PBXFileReference; lastKnownFileType = "wrapper.plug-in"; path = WeiboSDK.bundle; sourceTree = "<group>"; };
		857EF3A61C90451D00B9D0BB /* WeiboSDK.h */ = {isa = PBXFileReference; fileEncoding = 4; lastKnownFileType = sourcecode.c.h; path = WeiboSDK.h; sourceTree = "<group>"; };
		857EF3A71C90451D00B9D0BB /* WeiboUser.h */ = {isa = PBXFileReference; fileEncoding = 4; lastKnownFileType = sourcecode.c.h; path = WeiboUser.h; sourceTree = "<group>"; };
		857EF3A91C90451D00B9D0BB /* libSocialQQ.a */ = {isa = PBXFileReference; lastKnownFileType = archive.ar; path = libSocialQQ.a; sourceTree = "<group>"; };
		857EF3AA1C90451D00B9D0BB /* TencentOpenAPI.framework */ = {isa = PBXFileReference; lastKnownFileType = wrapper.framework; path = TencentOpenAPI.framework; sourceTree = "<group>"; };
		857EF3AB1C90451D00B9D0BB /* TencentOpenApi_IOS_Bundle.bundle */ = {isa = PBXFileReference; lastKnownFileType = "wrapper.plug-in"; path = TencentOpenApi_IOS_Bundle.bundle; sourceTree = "<group>"; };
		857EF3AC1C90451D00B9D0BB /* UMSocialQQHandler.h */ = {isa = PBXFileReference; fileEncoding = 4; lastKnownFileType = sourcecode.c.h; path = UMSocialQQHandler.h; sourceTree = "<group>"; };
		857EF3AE1C90451D00B9D0BB /* ios-social-sdk-shake.html */ = {isa = PBXFileReference; fileEncoding = 4; lastKnownFileType = text.html; path = "ios-social-sdk-shake.html"; sourceTree = "<group>"; };
		857EF3AF1C90451D00B9D0BB /* libUMSocial_Sdk_ScreenShot_1.0.a */ = {isa = PBXFileReference; lastKnownFileType = archive.ar; path = libUMSocial_Sdk_ScreenShot_1.0.a; sourceTree = "<group>"; };
		857EF3B01C90451D00B9D0BB /* UMSocialScreenShoter.h */ = {isa = PBXFileReference; fileEncoding = 4; lastKnownFileType = sourcecode.c.h; path = UMSocialScreenShoter.h; sourceTree = "<group>"; };
		857EF3B21C90451D00B9D0BB /* ios-social-sdk-shake.html */ = {isa = PBXFileReference; fileEncoding = 4; lastKnownFileType = text.html; path = "ios-social-sdk-shake.html"; sourceTree = "<group>"; };
		857EF3B31C90451D00B9D0BB /* libUMSocial_Sdk_Shake_1.0.a */ = {isa = PBXFileReference; lastKnownFileType = archive.ar; path = libUMSocial_Sdk_Shake_1.0.a; sourceTree = "<group>"; };
		857EF3B41C90451D00B9D0BB /* UMSocialShakeService.h */ = {isa = PBXFileReference; fileEncoding = 4; lastKnownFileType = sourcecode.c.h; path = UMSocialShakeService.h; sourceTree = "<group>"; };
		857EF3B61C90451D00B9D0BB /* libSocialWechat.a */ = {isa = PBXFileReference; lastKnownFileType = archive.ar; path = libSocialWechat.a; sourceTree = "<group>"; };
		857EF3B71C90451D00B9D0BB /* libWeChatSDK.a */ = {isa = PBXFileReference; lastKnownFileType = archive.ar; path = libWeChatSDK.a; sourceTree = "<group>"; };
		857EF3B81C90451D00B9D0BB /* UMSocialWechatHandler.h */ = {isa = PBXFileReference; fileEncoding = 4; lastKnownFileType = sourcecode.c.h; path = UMSocialWechatHandler.h; sourceTree = "<group>"; };
		857EF3B91C90451D00B9D0BB /* WechatAuthSDK.h */ = {isa = PBXFileReference; fileEncoding = 4; lastKnownFileType = sourcecode.c.h; path = WechatAuthSDK.h; sourceTree = "<group>"; };
		857EF3BA1C90451D00B9D0BB /* WXApi.h */ = {isa = PBXFileReference; fileEncoding = 4; lastKnownFileType = sourcecode.c.h; path = WXApi.h; sourceTree = "<group>"; };
		857EF3BB1C90451D00B9D0BB /* WXApiObject.h */ = {isa = PBXFileReference; fileEncoding = 4; lastKnownFileType = sourcecode.c.h; path = WXApiObject.h; sourceTree = "<group>"; };
		857EF3BD1C90451D00B9D0BB /* iOS-social-analytics-releasenote.html */ = {isa = PBXFileReference; fileEncoding = 4; lastKnownFileType = text.html; path = "iOS-social-analytics-releasenote.html"; sourceTree = "<group>"; };
		857EF3BE1C90451D00B9D0BB /* iOS-social-releasenote.html */ = {isa = PBXFileReference; fileEncoding = 4; lastKnownFileType = text.html; path = "iOS-social-releasenote.html"; sourceTree = "<group>"; };
		857EF3BF1C90451D00B9D0BB /* ios-social-sdk-comment-detail.html */ = {isa = PBXFileReference; fileEncoding = 4; lastKnownFileType = text.html; path = "ios-social-sdk-comment-detail.html"; sourceTree = "<group>"; };
		857EF3C01C90451D00B9D0BB /* ios-social-sdk-comment-quick.html */ = {isa = PBXFileReference; fileEncoding = 4; lastKnownFileType = text.html; path = "ios-social-sdk-comment-quick.html"; sourceTree = "<group>"; };
		857EF3C11C90451D00B9D0BB /* ios-social-sdk-like.html */ = {isa = PBXFileReference; fileEncoding = 4; lastKnownFileType = text.html; path = "ios-social-sdk-like.html"; sourceTree = "<group>"; };
		857EF3C21C90451D00B9D0BB /* ios-social-sdk-login-detail.html */ = {isa = PBXFileReference; fileEncoding = 4; lastKnownFileType = text.html; path = "ios-social-sdk-login-detail.html"; sourceTree = "<group>"; };
		857EF3C31C90451D00B9D0BB /* ios-social-sdk-login-quick.html */ = {isa = PBXFileReference; fileEncoding = 4; lastKnownFileType = text.html; path = "ios-social-sdk-login-quick.html"; sourceTree = "<group>"; };
		857EF3C41C90451D00B9D0BB /* ios-social-sdk-shake.html */ = {isa = PBXFileReference; fileEncoding = 4; lastKnownFileType = text.html; path = "ios-social-sdk-shake.html"; sourceTree = "<group>"; };
		857EF3C51C90451D00B9D0BB /* ios-social-sdk-share-detail.html */ = {isa = PBXFileReference; fileEncoding = 4; lastKnownFileType = text.html; path = "ios-social-sdk-share-detail.html"; sourceTree = "<group>"; };
		857EF3C61C90451D00B9D0BB /* ios-social-sdk-share-quick.html */ = {isa = PBXFileReference; fileEncoding = 4; lastKnownFileType = text.html; path = "ios-social-sdk-share-quick.html"; sourceTree = "<group>"; };
		857EF3C71C90451D00B9D0BB /* ios-social-sdk-socialbar.html */ = {isa = PBXFileReference; fileEncoding = 4; lastKnownFileType = text.html; path = "ios-social-sdk-socialbar.html"; sourceTree = "<group>"; };
		857EF3C81C90451D00B9D0BB /* markdown.css */ = {isa = PBXFileReference; fileEncoding = 4; lastKnownFileType = text.css; path = markdown.css; sourceTree = "<group>"; };
		857EF3EF1C90454600B9D0BB /* Security.framework */ = {isa = PBXFileReference; lastKnownFileType = wrapper.framework; name = Security.framework; path = System/Library/Frameworks/Security.framework; sourceTree = SDKROOT; };
		857EF3F11C90454F00B9D0BB /* libiconv.tbd */ = {isa = PBXFileReference; lastKnownFileType = "sourcecode.text-based-dylib-definition"; name = libiconv.tbd; path = usr/lib/libiconv.tbd; sourceTree = SDKROOT; };
		857EF3F31C90455800B9D0BB /* CoreGraphics.framework */ = {isa = PBXFileReference; lastKnownFileType = wrapper.framework; name = CoreGraphics.framework; path = System/Library/Frameworks/CoreGraphics.framework; sourceTree = SDKROOT; };
		857EF3F51C90456000B9D0BB /* libsqlite3.tbd */ = {isa = PBXFileReference; lastKnownFileType = "sourcecode.text-based-dylib-definition"; name = libsqlite3.tbd; path = usr/lib/libsqlite3.tbd; sourceTree = SDKROOT; };
		857EF3F71C90456800B9D0BB /* CoreTelephony.framework */ = {isa = PBXFileReference; lastKnownFileType = wrapper.framework; name = CoreTelephony.framework; path = System/Library/Frameworks/CoreTelephony.framework; sourceTree = SDKROOT; };
		857EF3F91C90457100B9D0BB /* libstdc++.tbd */ = {isa = PBXFileReference; lastKnownFileType = "sourcecode.text-based-dylib-definition"; name = "libstdc++.tbd"; path = "usr/lib/libstdc++.tbd"; sourceTree = SDKROOT; };
		857EF3FB1C90457800B9D0BB /* libz.tbd */ = {isa = PBXFileReference; lastKnownFileType = "sourcecode.text-based-dylib-definition"; name = libz.tbd; path = usr/lib/libz.tbd; sourceTree = SDKROOT; };
		85CDD85D1C8965E4005697E5 /* DetailViewController.h */ = {isa = PBXFileReference; fileEncoding = 4; lastKnownFileType = sourcecode.c.h; path = DetailViewController.h; sourceTree = "<group>"; };
		85CDD85E1C8965E4005697E5 /* DetailViewController.m */ = {isa = PBXFileReference; fileEncoding = 4; lastKnownFileType = sourcecode.c.objc; path = DetailViewController.m; sourceTree = "<group>"; };
		85CDD8631C897D8D005697E5 /* LeftTableViewController.h */ = {isa = PBXFileReference; fileEncoding = 4; lastKnownFileType = sourcecode.c.h; path = LeftTableViewController.h; sourceTree = "<group>"; };
		85CDD8641C897D8D005697E5 /* LeftTableViewController.m */ = {isa = PBXFileReference; fileEncoding = 4; lastKnownFileType = sourcecode.c.objc; path = LeftTableViewController.m; sourceTree = "<group>"; };
		85EEE30A1C8668AF00F9855B /* OTableViewCell.h */ = {isa = PBXFileReference; fileEncoding = 4; lastKnownFileType = sourcecode.c.h; path = OTableViewCell.h; sourceTree = "<group>"; };
		85EEE30B1C8668AF00F9855B /* OTableViewCell.m */ = {isa = PBXFileReference; fileEncoding = 4; lastKnownFileType = sourcecode.c.objc; path = OTableViewCell.m; sourceTree = "<group>"; };
		85EEE30C1C8668AF00F9855B /* OTableViewCell.xib */ = {isa = PBXFileReference; fileEncoding = 4; lastKnownFileType = file.xib; path = OTableViewCell.xib; sourceTree = "<group>"; };
		85EEE30F1C8668C700F9855B /* TTableViewCell.h */ = {isa = PBXFileReference; fileEncoding = 4; lastKnownFileType = sourcecode.c.h; path = TTableViewCell.h; sourceTree = "<group>"; };
		85EEE3101C8668C700F9855B /* TTableViewCell.m */ = {isa = PBXFileReference; fileEncoding = 4; lastKnownFileType = sourcecode.c.objc; path = TTableViewCell.m; sourceTree = "<group>"; };
		85EEE3111C8668C700F9855B /* TTableViewCell.xib */ = {isa = PBXFileReference; fileEncoding = 4; lastKnownFileType = file.xib; path = TTableViewCell.xib; sourceTree = "<group>"; };
		85EEE31A1C86A71F00F9855B /* HealthViewModel.h */ = {isa = PBXFileReference; fileEncoding = 4; lastKnownFileType = sourcecode.c.h; path = HealthViewModel.h; sourceTree = "<group>"; };
		85EEE31B1C86A71F00F9855B /* HealthViewModel.m */ = {isa = PBXFileReference; fileEncoding = 4; lastKnownFileType = sourcecode.c.objc; path = HealthViewModel.m; sourceTree = "<group>"; };
		8759E2D9A62BE10618FCC99C /* libPods-TRProject.a */ = {isa = PBXFileReference; explicitFileType = archive.ar; includeInIndex = 0; path = "libPods-TRProject.a"; sourceTree = BUILT_PRODUCTS_DIR; };
/* End PBXFileReference section */

/* Begin PBXFrameworksBuildPhase section */
		38ADA3B01C626AAF0093502F /* Frameworks */ = {
			isa = PBXFrameworksBuildPhase;
			buildActionMask = 2147483647;
			files = (
				857EF3FC1C90457800B9D0BB /* libz.tbd in Frameworks */,
				857EF3FA1C90457100B9D0BB /* libstdc++.tbd in Frameworks */,
				857EF3F81C90456800B9D0BB /* CoreTelephony.framework in Frameworks */,
				857EF3F61C90456000B9D0BB /* libsqlite3.tbd in Frameworks */,
				857EF3F41C90455800B9D0BB /* CoreGraphics.framework in Frameworks */,
				857EF3F21C90454F00B9D0BB /* libiconv.tbd in Frameworks */,
				857EF3F01C90454600B9D0BB /* Security.framework in Frameworks */,
				857EF3E21C90451D00B9D0BB /* libWeChatSDK.a in Frameworks */,
				857EF3DA1C90451D00B9D0BB /* libSocialQQ.a in Frameworks */,
				857EF3CA1C90451D00B9D0BB /* libUMSocial_Sdk_5.0.a in Frameworks */,
				857EF3DE1C90451D00B9D0BB /* libUMSocial_Sdk_ScreenShot_1.0.a in Frameworks */,
				857EF3E11C90451D00B9D0BB /* libSocialWechat.a in Frameworks */,
				857EF3D51C90451D00B9D0BB /* libAPOpenSdk.a in Frameworks */,
				857EF3E01C90451D00B9D0BB /* libUMSocial_Sdk_Shake_1.0.a in Frameworks */,
				857EF3CB1C90451D00B9D0BB /* libUMSocial_Sdk_Comment_5.0.a in Frameworks */,
				857EF3D81C90451D00B9D0BB /* libWeiboSDK.a in Frameworks */,
				857EF3DB1C90451D00B9D0BB /* TencentOpenAPI.framework in Frameworks */,
				3899BC981C7D87620032ADEA /* CFNetwork.framework in Frameworks */,
				857EF3D61C90451D00B9D0BB /* libSocialAlipayShare.a in Frameworks */,
				857EF3D71C90451D00B9D0BB /* libSocialSinaSSO.a in Frameworks */,
				7BADFFA4FF0A3162B67E0831 /* libPods-TRProject.a in Frameworks */,
			);
			runOnlyForDeploymentPostprocessing = 0;
		};
/* End PBXFrameworksBuildPhase section */

/* Begin PBXGroup section */
		38A1A32B1C74526C007EEEB7 /* Category */ = {
			isa = PBXGroup;
			children = (
				382C11841C7E930F00F34BB0 /* NSObject+ViewModel.h */,
				382C11851C7E930F00F34BB0 /* NSObject+ViewModel.m */,
				38A1A3401C745317007EEEB7 /* NSObject+AFNetworking.h */,
				38A1A3411C745317007EEEB7 /* NSObject+AFNetworking.m */,
				38A1A3421C745317007EEEB7 /* NSObject+MJExtension.h */,
				38A1A3431C745317007EEEB7 /* NSObject+MJExtension.m */,
				38A1A3441C745317007EEEB7 /* UIScrollView+Refresh.h */,
				38A1A3451C745317007EEEB7 /* UIScrollView+Refresh.m */,
				382C11811C7E8CDD00F34BB0 /* AppDelegate+System.h */,
				382C11821C7E8CDD00F34BB0 /* AppDelegate+System.m */,
				382C97681C81D686003D1D51 /* UIView+HUD.h */,
				382C97691C81D686003D1D51 /* UIView+HUD.m */,
			);
			path = Category;
			sourceTree = "<group>";
		};
		38A1A32C1C74526C007EEEB7 /* Define */ = {
			isa = PBXGroup;
			children = (
				38A1A33F1C7452F2007EEEB7 /* Constant.h */,
				562166971C8608D000680025 /* HealthPath.h */,
			);
			path = Define;
			sourceTree = "<group>";
		};
		38A1A32D1C74526C007EEEB7 /* Model */ = {
			isa = PBXGroup;
			children = (
				562166911C8606EA00680025 /* HealthModel.h */,
				562166921C8606EA00680025 /* HealthModel.m */,
			);
			path = Model;
			sourceTree = "<group>";
		};
		38A1A32E1C74526C007EEEB7 /* NetManager */ = {
			isa = PBXGroup;
			children = (
				562166941C8607F600680025 /* HealthNetManager.h */,
				562166951C8607F600680025 /* HealthNetManager.m */,
				857EF3721C8FF44E00B9D0BB /* MessageNetManager.h */,
				857EF3731C8FF44E00B9D0BB /* MessageNetManager.m */,
			);
			path = NetManager;
			sourceTree = "<group>";
		};
		38A1A32F1C74526C007EEEB7 /* Resource */ = {
			isa = PBXGroup;
			children = (
				564A3DD21C8AAFB0000CCE38 /* LaunchScreen.storyboard */,
				564A3DD41C8AAFB0000CCE38 /* Main.storyboard */,
				564A3DD01C8AAF8B000CCE38 /* Assets.xcassets */,
			);
			path = Resource;
			sourceTree = "<group>";
		};
		38A1A3301C74526C007EEEB7 /* Tool */ = {
			isa = PBXGroup;
			children = (
				38A1A3391C7452CF007EEEB7 /* Factory.h */,
				38A1A33A1C7452CF007EEEB7 /* Factory.m */,
			);
			path = Tool;
			sourceTree = "<group>";
		};
		38A1A3311C74526C007EEEB7 /* Vendor */ = {
			isa = PBXGroup;
			children = (
				38A1A3521C745698007EEEB7 /* iCarousel */,
				38A1A3491C74560D007EEEB7 /* PSCollectionView */,
			);
			path = Vendor;
			sourceTree = "<group>";
		};
		38A1A3321C74526C007EEEB7 /* View */ = {
			isa = PBXGroup;
			children = (
				85EEE30A1C8668AF00F9855B /* OTableViewCell.h */,
				85EEE30B1C8668AF00F9855B /* OTableViewCell.m */,
				85EEE30C1C8668AF00F9855B /* OTableViewCell.xib */,
				85EEE30F1C8668C700F9855B /* TTableViewCell.h */,
				85EEE3101C8668C700F9855B /* TTableViewCell.m */,
				85EEE3111C8668C700F9855B /* TTableViewCell.xib */,
				56F67D011C87458100DE48AE /* NTableViewCell.h */,
				56F67D021C87458100DE48AE /* NTableViewCell.m */,
				56F67D031C87458100DE48AE /* NTableViewCell.xib */,
			);
			path = View;
			sourceTree = "<group>";
		};
		38A1A3331C74526C007EEEB7 /* ViewController */ = {
			isa = PBXGroup;
			children = (
				38A1A3341C74526C007EEEB7 /* ViewController.h */,
				38A1A3351C74526C007EEEB7 /* ViewController.m */,
				856871CA1C8714D100AF71B3 /* PageViewController.h */,
				856871CB1C8714D100AF71B3 /* PageViewController.m */,
				85CDD85D1C8965E4005697E5 /* DetailViewController.h */,
				85CDD85E1C8965E4005697E5 /* DetailViewController.m */,
				85CDD8631C897D8D005697E5 /* LeftTableViewController.h */,
				85CDD8641C897D8D005697E5 /* LeftTableViewController.m */,
				5614A1DC1C8F1ACB00211A55 /* LoginViewController.h */,
				5614A1DD1C8F1ACB00211A55 /* LoginViewController.m */,
				850E957F1C8FBAF1002EBE08 /* TestViewController.h */,
				850E95801C8FBAF1002EBE08 /* TestViewController.m */,
				857EF36F1C8FD21200B9D0BB /* RegisterViewController.h */,
				857EF3701C8FD21200B9D0BB /* RegisterViewController.m */,
			);
			path = ViewController;
			sourceTree = "<group>";
		};
		38A1A3361C74526C007EEEB7 /* ViewModel */ = {
			isa = PBXGroup;
			children = (
				85EEE31A1C86A71F00F9855B /* HealthViewModel.h */,
				85EEE31B1C86A71F00F9855B /* HealthViewModel.m */,
			);
			path = ViewModel;
			sourceTree = "<group>";
		};
		38A1A3491C74560D007EEEB7 /* PSCollectionView */ = {
			isa = PBXGroup;
			children = (
				38A1A34A1C74560D007EEEB7 /* .gitignore */,
				38A1A34B1C74560D007EEEB7 /* PSCollectionView.h */,
				38A1A34C1C74560D007EEEB7 /* PSCollectionView.m */,
				38A1A34D1C74560D007EEEB7 /* PSCollectionViewCell.h */,
				38A1A34E1C74560D007EEEB7 /* PSCollectionViewCell.m */,
			);
			path = PSCollectionView;
			sourceTree = "<group>";
		};
		38A1A3521C745698007EEEB7 /* iCarousel */ = {
			isa = PBXGroup;
			children = (
				38A1A3531C745698007EEEB7 /* iCarousel.h */,
				38A1A3541C745698007EEEB7 /* iCarousel.m */,
			);
			path = iCarousel;
			sourceTree = "<group>";
		};
		38ADA3AA1C626AAF0093502F = {
			isa = PBXGroup;
			children = (
				38ADA3B51C626AAF0093502F /* TRProject */,
				38ADA3B41C626AAF0093502F /* Products */,
				5593F2E179963AFD1D1839AA /* Pods */,
				CA5127F42421C94949953D16 /* Frameworks */,
			);
			sourceTree = "<group>";
		};
		38ADA3B41C626AAF0093502F /* Products */ = {
			isa = PBXGroup;
			children = (
				38ADA3B31C626AAF0093502F /* TRProject.app */,
			);
			name = Products;
			sourceTree = "<group>";
		};
		38ADA3B51C626AAF0093502F /* TRProject */ = {
			isa = PBXGroup;
			children = (
				38ADA3B91C626AAF0093502F /* AppDelegate.h */,
				38ADA3BA1C626AAF0093502F /* AppDelegate.m */,
				857EF3751C90451D00B9D0BB /* umeng_ios_social_sdk_5.0_arm64_custom */,
				38A1A32B1C74526C007EEEB7 /* Category */,
				38A1A32C1C74526C007EEEB7 /* Define */,
				38A1A32D1C74526C007EEEB7 /* Model */,
				38A1A32E1C74526C007EEEB7 /* NetManager */,
				38A1A32F1C74526C007EEEB7 /* Resource */,
				38A1A3301C74526C007EEEB7 /* Tool */,
				38A1A3311C74526C007EEEB7 /* Vendor */,
				38A1A3321C74526C007EEEB7 /* View */,
				38A1A3331C74526C007EEEB7 /* ViewController */,
				38A1A3361C74526C007EEEB7 /* ViewModel */,
				38ADA3B61C626AAF0093502F /* Supporting Files */,
			);
			path = TRProject;
			sourceTree = "<group>";
		};
		38ADA3B61C626AAF0093502F /* Supporting Files */ = {
			isa = PBXGroup;
			children = (
				38ADA3C71C626AAF0093502F /* Info.plist */,
				38ADA3B71C626AAF0093502F /* main.m */,
				38A1A3381C74527F007EEEB7 /* PrefixHeader.pch */,
			);
			name = "Supporting Files";
			sourceTree = "<group>";
		};
		5593F2E179963AFD1D1839AA /* Pods */ = {
			isa = PBXGroup;
			children = (
				7BA1DBF911CCDD099DBC3032 /* Pods-TRProject.debug.xcconfig */,
				70276005029EE88E7F2474B9 /* Pods-TRProject.release.xcconfig */,
			);
			name = Pods;
			sourceTree = "<group>";
		};
		857EF3751C90451D00B9D0BB /* umeng_ios_social_sdk_5.0_arm64_custom */ = {
			isa = PBXGroup;
			children = (
				857EF3761C90451D00B9D0BB /* UMSocial_Sdk_5.0 */,
				857EF3921C90451D00B9D0BB /* UMSocial_Sdk_Extra_Frameworks */,
				857EF3BC1C90451D00B9D0BB /* UMSocial_Sdk_Instructions */,
			);
			path = umeng_ios_social_sdk_5.0_arm64_custom;
			sourceTree = "<group>";
		};
		857EF3761C90451D00B9D0BB /* UMSocial_Sdk_5.0 */ = {
			isa = PBXGroup;
			children = (
				857EF3771C90451D00B9D0BB /* UMSocialLocalizable.strings */,
				857EF3791C90451D00B9D0BB /* Header */,
				857EF3851C90451D00B9D0BB /* libUMSocial_Sdk_5.0.a */,
				857EF3861C90451D00B9D0BB /* libUMSocial_Sdk_Comment_5.0.a */,
				857EF3871C90451D00B9D0BB /* SocialSDKXib */,
				857EF3901C90451D00B9D0BB /* UMSocialSDKResourcesNew.bundle */,
			);
			path = UMSocial_Sdk_5.0;
			sourceTree = "<group>";
		};
		857EF3791C90451D00B9D0BB /* Header */ = {
			isa = PBXGroup;
			children = (
				857EF37A1C90451D00B9D0BB /* UMSocial.h */,
				857EF37B1C90451D00B9D0BB /* UMSocialAccountManager.h */,
				857EF37C1C90451D00B9D0BB /* UMSocialBar.h */,
				857EF37D1C90451D00B9D0BB /* UMSocialConfig.h */,
				857EF37E1C90451D00B9D0BB /* UMSocialControllerService.h */,
				857EF37F1C90451D00B9D0BB /* UMSocialControllerServiceComment.h */,
				857EF3801C90451D00B9D0BB /* UMSocialData.h */,
				857EF3811C90451D00B9D0BB /* UMSocialDataService.h */,
				857EF3821C90451D00B9D0BB /* UMSocialSnsData.h */,
				857EF3831C90451D00B9D0BB /* UMSocialSnsPlatformManager.h */,
				857EF3841C90451D00B9D0BB /* UMSocialSnsService.h */,
			);
			path = Header;
			sourceTree = "<group>";
		};
		857EF3871C90451D00B9D0BB /* SocialSDKXib */ = {
			isa = PBXGroup;
			children = (
				857EF3881C90451D00B9D0BB /* UMSCommentDetailController.xib */,
				857EF3891C90451D00B9D0BB /* UMSCommentInputController.xib */,
				857EF38A1C90451D00B9D0BB /* UMSCommentInputControlleriPad.xib */,
				857EF38B1C90451D00B9D0BB /* UMShareEditViewController.xib */,
				857EF38C1C90451D00B9D0BB /* UMShareEditViewControlleriPad.xib */,
				857EF38D1C90451D00B9D0BB /* UMSLoginViewController.xib */,
				857EF38E1C90451D00B9D0BB /* UMSnsAccountViewController.xib */,
				857EF38F1C90451D00B9D0BB /* UMSShareListController.xib */,
			);
			path = SocialSDKXib;
			sourceTree = "<group>";
		};
		857EF3921C90451D00B9D0BB /* UMSocial_Sdk_Extra_Frameworks */ = {
			isa = PBXGroup;
			children = (
				857EF3931C90451D00B9D0BB /* AlipayShare */,
				857EF3991C90451D00B9D0BB /* SinaSSO */,
				857EF3A81C90451D00B9D0BB /* TencentOpenAPI */,
				857EF3AD1C90451D00B9D0BB /* UMSocial_ScreenShot_Sdk */,
				857EF3B11C90451D00B9D0BB /* UMSocial_Shake_Sdk */,
				857EF3B51C90451D00B9D0BB /* Wechat */,
			);
			path = UMSocial_Sdk_Extra_Frameworks;
			sourceTree = "<group>";
		};
		857EF3931C90451D00B9D0BB /* AlipayShare */ = {
			isa = PBXGroup;
			children = (
				857EF3941C90451D00B9D0BB /* APOpenAPI.h */,
				857EF3951C90451D00B9D0BB /* APOpenAPIObject.h */,
				857EF3961C90451D00B9D0BB /* libAPOpenSdk.a */,
				857EF3971C90451D00B9D0BB /* libSocialAlipayShare.a */,
				857EF3981C90451D00B9D0BB /* UMSocialAlipayShareHandler.h */,
			);
			path = AlipayShare;
			sourceTree = "<group>";
		};
		857EF3991C90451D00B9D0BB /* SinaSSO */ = {
			isa = PBXGroup;
			children = (
				857EF39A1C90451D00B9D0BB /* libSocialSinaSSO.a */,
				857EF39B1C90451D00B9D0BB /* libWeiboSDK.a */,
				857EF39C1C90451D00B9D0BB /* UMSocialSinaSSOHandler.h */,
				857EF39D1C90451D00B9D0BB /* WBHttpRequest+WeiboGame.h */,
				857EF39E1C90451D00B9D0BB /* WBHttpRequest+WeiboShare.h */,
				857EF39F1C90451D00B9D0BB /* WBHttpRequest+WeiboToken.h */,
				857EF3A01C90451D00B9D0BB /* WBHttpRequest+WeiboUser.h */,
				857EF3A11C90451D00B9D0BB /* WBHttpRequest.h */,
				857EF3A21C90451D00B9D0BB /* WBSDKBasicButton.h */,
				857EF3A31C90451D00B9D0BB /* WBSDKCommentButton.h */,
				857EF3A41C90451D00B9D0BB /* WBSDKRelationshipButton.h */,
				857EF3A51C90451D00B9D0BB /* WeiboSDK.bundle */,
				857EF3A61C90451D00B9D0BB /* WeiboSDK.h */,
				857EF3A71C90451D00B9D0BB /* WeiboUser.h */,
			);
			path = SinaSSO;
			sourceTree = "<group>";
		};
		857EF3A81C90451D00B9D0BB /* TencentOpenAPI */ = {
			isa = PBXGroup;
			children = (
				857EF3A91C90451D00B9D0BB /* libSocialQQ.a */,
				857EF3AA1C90451D00B9D0BB /* TencentOpenAPI.framework */,
				857EF3AB1C90451D00B9D0BB /* TencentOpenApi_IOS_Bundle.bundle */,
				857EF3AC1C90451D00B9D0BB /* UMSocialQQHandler.h */,
			);
			path = TencentOpenAPI;
			sourceTree = "<group>";
		};
		857EF3AD1C90451D00B9D0BB /* UMSocial_ScreenShot_Sdk */ = {
			isa = PBXGroup;
			children = (
				857EF3AE1C90451D00B9D0BB /* ios-social-sdk-shake.html */,
				857EF3AF1C90451D00B9D0BB /* libUMSocial_Sdk_ScreenShot_1.0.a */,
				857EF3B01C90451D00B9D0BB /* UMSocialScreenShoter.h */,
			);
			path = UMSocial_ScreenShot_Sdk;
			sourceTree = "<group>";
		};
		857EF3B11C90451D00B9D0BB /* UMSocial_Shake_Sdk */ = {
			isa = PBXGroup;
			children = (
				857EF3B21C90451D00B9D0BB /* ios-social-sdk-shake.html */,
				857EF3B31C90451D00B9D0BB /* libUMSocial_Sdk_Shake_1.0.a */,
				857EF3B41C90451D00B9D0BB /* UMSocialShakeService.h */,
			);
			path = UMSocial_Shake_Sdk;
			sourceTree = "<group>";
		};
		857EF3B51C90451D00B9D0BB /* Wechat */ = {
			isa = PBXGroup;
			children = (
				857EF3B61C90451D00B9D0BB /* libSocialWechat.a */,
				857EF3B71C90451D00B9D0BB /* libWeChatSDK.a */,
				857EF3B81C90451D00B9D0BB /* UMSocialWechatHandler.h */,
				857EF3B91C90451D00B9D0BB /* WechatAuthSDK.h */,
				857EF3BA1C90451D00B9D0BB /* WXApi.h */,
				857EF3BB1C90451D00B9D0BB /* WXApiObject.h */,
			);
			path = Wechat;
			sourceTree = "<group>";
		};
		857EF3BC1C90451D00B9D0BB /* UMSocial_Sdk_Instructions */ = {
			isa = PBXGroup;
			children = (
				857EF3BD1C90451D00B9D0BB /* iOS-social-analytics-releasenote.html */,
				857EF3BE1C90451D00B9D0BB /* iOS-social-releasenote.html */,
				857EF3BF1C90451D00B9D0BB /* ios-social-sdk-comment-detail.html */,
				857EF3C01C90451D00B9D0BB /* ios-social-sdk-comment-quick.html */,
				857EF3C11C90451D00B9D0BB /* ios-social-sdk-like.html */,
				857EF3C21C90451D00B9D0BB /* ios-social-sdk-login-detail.html */,
				857EF3C31C90451D00B9D0BB /* ios-social-sdk-login-quick.html */,
				857EF3C41C90451D00B9D0BB /* ios-social-sdk-shake.html */,
				857EF3C51C90451D00B9D0BB /* ios-social-sdk-share-detail.html */,
				857EF3C61C90451D00B9D0BB /* ios-social-sdk-share-quick.html */,
				857EF3C71C90451D00B9D0BB /* ios-social-sdk-socialbar.html */,
				857EF3C81C90451D00B9D0BB /* markdown.css */,
			);
			path = UMSocial_Sdk_Instructions;
			sourceTree = "<group>";
		};
		CA5127F42421C94949953D16 /* Frameworks */ = {
			isa = PBXGroup;
			children = (
				857EF3FB1C90457800B9D0BB /* libz.tbd */,
				857EF3F91C90457100B9D0BB /* libstdc++.tbd */,
				857EF3F71C90456800B9D0BB /* CoreTelephony.framework */,
				857EF3F51C90456000B9D0BB /* libsqlite3.tbd */,
				857EF3F31C90455800B9D0BB /* CoreGraphics.framework */,
				857EF3F11C90454F00B9D0BB /* libiconv.tbd */,
				857EF3EF1C90454600B9D0BB /* Security.framework */,
				3899BC971C7D87620032ADEA /* CFNetwork.framework */,
				8759E2D9A62BE10618FCC99C /* libPods-TRProject.a */,
			);
			name = Frameworks;
			sourceTree = "<group>";
		};
/* End PBXGroup section */

/* Begin PBXNativeTarget section */
		38ADA3B21C626AAF0093502F /* TRProject */ = {
			isa = PBXNativeTarget;
			buildConfigurationList = 38ADA3CA1C626AAF0093502F /* Build configuration list for PBXNativeTarget "TRProject" */;
			buildPhases = (
				92652E168CE0F5F9560A9E1E /* Check Pods Manifest.lock */,
				38ADA3AF1C626AAF0093502F /* Sources */,
				38ADA3B01C626AAF0093502F /* Frameworks */,
				38ADA3B11C626AAF0093502F /* Resources */,
				921CBF2C00B6EDB011D96B98 /* Copy Pods Resources */,
			);
			buildRules = (
			);
			dependencies = (
			);
			name = TRProject;
			productName = TRProject;
			productReference = 38ADA3B31C626AAF0093502F /* TRProject.app */;
			productType = "com.apple.product-type.application";
		};
/* End PBXNativeTarget section */

/* Begin PBXProject section */
		38ADA3AB1C626AAF0093502F /* Project object */ = {
			isa = PBXProject;
			attributes = {
				LastUpgradeCheck = 0720;
				ORGANIZATIONNAME = Tarena;
				TargetAttributes = {
					38ADA3B21C626AAF0093502F = {
						CreatedOnToolsVersion = 7.2;
					};
				};
			};
			buildConfigurationList = 38ADA3AE1C626AAF0093502F /* Build configuration list for PBXProject "TRProject" */;
			compatibilityVersion = "Xcode 3.2";
			developmentRegion = English;
			hasScannedForEncodings = 0;
			knownRegions = (
				en,
				Base,
				"zh-Hans",
			);
			mainGroup = 38ADA3AA1C626AAF0093502F;
			productRefGroup = 38ADA3B41C626AAF0093502F /* Products */;
			projectDirPath = "";
			projectRoot = "";
			targets = (
				38ADA3B21C626AAF0093502F /* TRProject */,
			);
		};
/* End PBXProject section */

/* Begin PBXResourcesBuildPhase section */
		38ADA3B11C626AAF0093502F /* Resources */ = {
			isa = PBXResourcesBuildPhase;
			buildActionMask = 2147483647;
			files = (
				857EF3E91C90451D00B9D0BB /* ios-social-sdk-login-quick.html in Resources */,
				857EF3CC1C90451D00B9D0BB /* UMSCommentDetailController.xib in Resources */,
				564A3DD71C8AAFB0000CCE38 /* Main.storyboard in Resources */,
				85EEE30E1C8668AF00F9855B /* OTableViewCell.xib in Resources */,
				857EF3E51C90451D00B9D0BB /* ios-social-sdk-comment-detail.html in Resources */,
				857EF3D31C90451D00B9D0BB /* UMSShareListController.xib in Resources */,
				857EF3C91C90451D00B9D0BB /* UMSocialLocalizable.strings in Resources */,
				857EF3EA1C90451D00B9D0BB /* ios-social-sdk-shake.html in Resources */,
				857EF3EB1C90451D00B9D0BB /* ios-social-sdk-share-detail.html in Resources */,
				857EF3D91C90451D00B9D0BB /* WeiboSDK.bundle in Resources */,
				857EF3EE1C90451D00B9D0BB /* markdown.css in Resources */,
				857EF3D01C90451D00B9D0BB /* UMShareEditViewControlleriPad.xib in Resources */,
				38A1A34F1C74560D007EEEB7 /* .gitignore in Resources */,
				857EF3E71C90451D00B9D0BB /* ios-social-sdk-like.html in Resources */,
				857EF3E81C90451D00B9D0BB /* ios-social-sdk-login-detail.html in Resources */,
				85EEE3131C8668C700F9855B /* TTableViewCell.xib in Resources */,
				857EF3DF1C90451D00B9D0BB /* ios-social-sdk-shake.html in Resources */,
				564A3DD61C8AAFB0000CCE38 /* LaunchScreen.storyboard in Resources */,
				857EF3DC1C90451D00B9D0BB /* TencentOpenApi_IOS_Bundle.bundle in Resources */,
				857EF3E61C90451D00B9D0BB /* ios-social-sdk-comment-quick.html in Resources */,
				56F67D051C87458100DE48AE /* NTableViewCell.xib in Resources */,
				857EF3E41C90451D00B9D0BB /* iOS-social-releasenote.html in Resources */,
				857EF3CF1C90451D00B9D0BB /* UMShareEditViewController.xib in Resources */,
				857EF3D21C90451D00B9D0BB /* UMSnsAccountViewController.xib in Resources */,
				857EF3CD1C90451D00B9D0BB /* UMSCommentInputController.xib in Resources */,
				564A3DD11C8AAF8B000CCE38 /* Assets.xcassets in Resources */,
				857EF3D11C90451D00B9D0BB /* UMSLoginViewController.xib in Resources */,
				857EF3EC1C90451D00B9D0BB /* ios-social-sdk-share-quick.html in Resources */,
				857EF3E31C90451D00B9D0BB /* iOS-social-analytics-releasenote.html in Resources */,
				857EF3D41C90451D00B9D0BB /* UMSocialSDKResourcesNew.bundle in Resources */,
				857EF3CE1C90451D00B9D0BB /* UMSCommentInputControlleriPad.xib in Resources */,
				857EF3DD1C90451D00B9D0BB /* ios-social-sdk-shake.html in Resources */,
				857EF3ED1C90451D00B9D0BB /* ios-social-sdk-socialbar.html in Resources */,
			);
			runOnlyForDeploymentPostprocessing = 0;
		};
/* End PBXResourcesBuildPhase section */

/* Begin PBXShellScriptBuildPhase section */
		921CBF2C00B6EDB011D96B98 /* Copy Pods Resources */ = {
			isa = PBXShellScriptBuildPhase;
			buildActionMask = 2147483647;
			files = (
			);
			inputPaths = (
			);
			name = "Copy Pods Resources";
			outputPaths = (
			);
			runOnlyForDeploymentPostprocessing = 0;
			shellPath = /bin/sh;
			shellScript = "\"${SRCROOT}/Pods/Target Support Files/Pods-TRProject/Pods-TRProject-resources.sh\"\n";
			showEnvVarsInLog = 0;
		};
		92652E168CE0F5F9560A9E1E /* Check Pods Manifest.lock */ = {
			isa = PBXShellScriptBuildPhase;
			buildActionMask = 2147483647;
			files = (
			);
			inputPaths = (
			);
			name = "Check Pods Manifest.lock";
			outputPaths = (
			);
			runOnlyForDeploymentPostprocessing = 0;
			shellPath = /bin/sh;
			shellScript = "diff \"${PODS_ROOT}/../Podfile.lock\" \"${PODS_ROOT}/Manifest.lock\" > /dev/null\nif [[ $? != 0 ]] ; then\n    cat << EOM\nerror: The sandbox is not in sync with the Podfile.lock. Run 'pod install' or update your CocoaPods installation.\nEOM\n    exit 1\nfi\n";
			showEnvVarsInLog = 0;
		};
/* End PBXShellScriptBuildPhase section */

/* Begin PBXSourcesBuildPhase section */
		38ADA3AF1C626AAF0093502F /* Sources */ = {
			isa = PBXSourcesBuildPhase;
			buildActionMask = 2147483647;
			files = (
				38A1A3471C745317007EEEB7 /* NSObject+MJExtension.m in Sources */,
				5614A1DE1C8F1ACB00211A55 /* LoginViewController.m in Sources */,
				38A1A3551C745698007EEEB7 /* iCarousel.m in Sources */,
				382C976A1C81D686003D1D51 /* UIView+HUD.m in Sources */,
				38A1A3511C74560D007EEEB7 /* PSCollectionViewCell.m in Sources */,
				56F67D041C87458100DE48AE /* NTableViewCell.m in Sources */,
				850E95811C8FBAF1002EBE08 /* TestViewController.m in Sources */,
				38A1A33B1C7452CF007EEEB7 /* Factory.m in Sources */,
				38A1A3461C745317007EEEB7 /* NSObject+AFNetworking.m in Sources */,
				38ADA3BB1C626AAF0093502F /* AppDelegate.m in Sources */,
				382C11861C7E930F00F34BB0 /* NSObject+ViewModel.m in Sources */,
				38A1A3371C74526C007EEEB7 /* ViewController.m in Sources */,
				38A1A3481C745317007EEEB7 /* UIScrollView+Refresh.m in Sources */,
				382C11831C7E8CDD00F34BB0 /* AppDelegate+System.m in Sources */,
				85EEE3121C8668C700F9855B /* TTableViewCell.m in Sources */,
				857EF3741C8FF44E00B9D0BB /* MessageNetManager.m in Sources */,
				857EF3711C8FD21200B9D0BB /* RegisterViewController.m in Sources */,
				38ADA3B81C626AAF0093502F /* main.m in Sources */,
				562166961C8607F600680025 /* HealthNetManager.m in Sources */,
				85EEE31C1C86A71F00F9855B /* HealthViewModel.m in Sources */,
				85EEE30D1C8668AF00F9855B /* OTableViewCell.m in Sources */,
				38A1A3501C74560D007EEEB7 /* PSCollectionView.m in Sources */,
				562166931C8606EA00680025 /* HealthModel.m in Sources */,
				856871CC1C8714D100AF71B3 /* PageViewController.m in Sources */,
				85CDD85F1C8965E4005697E5 /* DetailViewController.m in Sources */,
				85CDD8651C897D8D005697E5 /* LeftTableViewController.m in Sources */,
			);
			runOnlyForDeploymentPostprocessing = 0;
		};
/* End PBXSourcesBuildPhase section */

/* Begin PBXVariantGroup section */
		564A3DD21C8AAFB0000CCE38 /* LaunchScreen.storyboard */ = {
			isa = PBXVariantGroup;
			children = (
				564A3DD31C8AAFB0000CCE38 /* Base */,
			);
			name = LaunchScreen.storyboard;
			sourceTree = "<group>";
		};
		564A3DD41C8AAFB0000CCE38 /* Main.storyboard */ = {
			isa = PBXVariantGroup;
			children = (
				564A3DD51C8AAFB0000CCE38 /* Base */,
			);
			name = Main.storyboard;
			sourceTree = "<group>";
		};
		857EF3771C90451D00B9D0BB /* UMSocialLocalizable.strings */ = {
			isa = PBXVariantGroup;
			children = (
				857EF3781C90451D00B9D0BB /* en */,
				857EF3911C90451D00B9D0BB /* zh-Hans */,
			);
			name = UMSocialLocalizable.strings;
			sourceTree = "<group>";
		};
/* End PBXVariantGroup section */

/* Begin XCBuildConfiguration section */
		38ADA3C81C626AAF0093502F /* Debug */ = {
			isa = XCBuildConfiguration;
			buildSettings = {
				ALWAYS_SEARCH_USER_PATHS = NO;
				CLANG_CXX_LANGUAGE_STANDARD = "gnu++0x";
				CLANG_CXX_LIBRARY = "libc++";
				CLANG_ENABLE_MODULES = YES;
				CLANG_ENABLE_OBJC_ARC = YES;
				CLANG_WARN_BOOL_CONVERSION = YES;
				CLANG_WARN_CONSTANT_CONVERSION = YES;
				CLANG_WARN_DIRECT_OBJC_ISA_USAGE = YES_ERROR;
				CLANG_WARN_EMPTY_BODY = YES;
				CLANG_WARN_ENUM_CONVERSION = YES;
				CLANG_WARN_INT_CONVERSION = YES;
				CLANG_WARN_OBJC_ROOT_CLASS = YES_ERROR;
				CLANG_WARN_UNREACHABLE_CODE = YES;
				CLANG_WARN__DUPLICATE_METHOD_MATCH = YES;
				"CODE_SIGN_IDENTITY[sdk=iphoneos*]" = "iPhone Developer";
				COPY_PHASE_STRIP = NO;
				DEBUG_INFORMATION_FORMAT = dwarf;
				ENABLE_STRICT_OBJC_MSGSEND = YES;
				ENABLE_TESTABILITY = YES;
				GCC_C_LANGUAGE_STANDARD = gnu99;
				GCC_DYNAMIC_NO_PIC = NO;
				GCC_NO_COMMON_BLOCKS = YES;
				GCC_OPTIMIZATION_LEVEL = 0;
				GCC_PREPROCESSOR_DEFINITIONS = (
					"DEBUG=1",
					"$(inherited)",
				);
				GCC_WARN_64_TO_32_BIT_CONVERSION = YES;
				GCC_WARN_ABOUT_RETURN_TYPE = YES_ERROR;
				GCC_WARN_UNDECLARED_SELECTOR = YES;
				GCC_WARN_UNINITIALIZED_AUTOS = YES_AGGRESSIVE;
				GCC_WARN_UNUSED_FUNCTION = YES;
				GCC_WARN_UNUSED_VARIABLE = YES;
				IPHONEOS_DEPLOYMENT_TARGET = 9.2;
				MTL_ENABLE_DEBUG_INFO = YES;
				ONLY_ACTIVE_ARCH = YES;
				SDKROOT = iphoneos;
			};
			name = Debug;
		};
		38ADA3C91C626AAF0093502F /* Release */ = {
			isa = XCBuildConfiguration;
			buildSettings = {
				ALWAYS_SEARCH_USER_PATHS = NO;
				CLANG_CXX_LANGUAGE_STANDARD = "gnu++0x";
				CLANG_CXX_LIBRARY = "libc++";
				CLANG_ENABLE_MODULES = YES;
				CLANG_ENABLE_OBJC_ARC = YES;
				CLANG_WARN_BOOL_CONVERSION = YES;
				CLANG_WARN_CONSTANT_CONVERSION = YES;
				CLANG_WARN_DIRECT_OBJC_ISA_USAGE = YES_ERROR;
				CLANG_WARN_EMPTY_BODY = YES;
				CLANG_WARN_ENUM_CONVERSION = YES;
				CLANG_WARN_INT_CONVERSION = YES;
				CLANG_WARN_OBJC_ROOT_CLASS = YES_ERROR;
				CLANG_WARN_UNREACHABLE_CODE = YES;
				CLANG_WARN__DUPLICATE_METHOD_MATCH = YES;
				"CODE_SIGN_IDENTITY[sdk=iphoneos*]" = "iPhone Developer";
				COPY_PHASE_STRIP = NO;
				DEBUG_INFORMATION_FORMAT = "dwarf-with-dsym";
				ENABLE_NS_ASSERTIONS = NO;
				ENABLE_STRICT_OBJC_MSGSEND = YES;
				GCC_C_LANGUAGE_STANDARD = gnu99;
				GCC_NO_COMMON_BLOCKS = YES;
				GCC_WARN_64_TO_32_BIT_CONVERSION = YES;
				GCC_WARN_ABOUT_RETURN_TYPE = YES_ERROR;
				GCC_WARN_UNDECLARED_SELECTOR = YES;
				GCC_WARN_UNINITIALIZED_AUTOS = YES_AGGRESSIVE;
				GCC_WARN_UNUSED_FUNCTION = YES;
				GCC_WARN_UNUSED_VARIABLE = YES;
				IPHONEOS_DEPLOYMENT_TARGET = 9.2;
				MTL_ENABLE_DEBUG_INFO = NO;
				SDKROOT = iphoneos;
				VALIDATE_PRODUCT = YES;
			};
			name = Release;
		};
		38ADA3CB1C626AAF0093502F /* Debug */ = {
			isa = XCBuildConfiguration;
			baseConfigurationReference = 7BA1DBF911CCDD099DBC3032 /* Pods-TRProject.debug.xcconfig */;
			buildSettings = {
				ASSETCATALOG_COMPILER_APPICON_NAME = AppIcon;
				FRAMEWORK_SEARCH_PATHS = (
					"$(inherited)",
					"$(PROJECT_DIR)/TRProject/umeng_ios_social_sdk_5.0_arm64_custom/UMSocial_Sdk_Extra_Frameworks/TencentOpenAPI",
				);
				GCC_PREFIX_HEADER = $PRODUCT_NAME/PrefixHeader.pch;
				INFOPLIST_FILE = TRProject/Info.plist;
				IPHONEOS_DEPLOYMENT_TARGET = 9.1;
				LD_RUNPATH_SEARCH_PATHS = "$(inherited) @executable_path/Frameworks";
				LIBRARY_SEARCH_PATHS = (
					"$(inherited)",
					"$(PROJECT_DIR)/TRProject/umeng_ios_social_sdk_5.0_arm64_custom/UMSocial_Sdk_5.0",
					"$(PROJECT_DIR)/TRProject/umeng_ios_social_sdk_5.0_arm64_custom/UMSocial_Sdk_Extra_Frameworks/AlipayShare",
					"$(PROJECT_DIR)/TRProject/umeng_ios_social_sdk_5.0_arm64_custom/UMSocial_Sdk_Extra_Frameworks/SinaSSO",
					"$(PROJECT_DIR)/TRProject/umeng_ios_social_sdk_5.0_arm64_custom/UMSocial_Sdk_Extra_Frameworks/TencentOpenAPI",
					"$(PROJECT_DIR)/TRProject/umeng_ios_social_sdk_5.0_arm64_custom/UMSocial_Sdk_Extra_Frameworks/UMSocial_ScreenShot_Sdk",
					"$(PROJECT_DIR)/TRProject/umeng_ios_social_sdk_5.0_arm64_custom/UMSocial_Sdk_Extra_Frameworks/UMSocial_Shake_Sdk",
					"$(PROJECT_DIR)/TRProject/umeng_ios_social_sdk_5.0_arm64_custom/UMSocial_Sdk_Extra_Frameworks/Wechat",
				);
				PRODUCT_BUNDLE_IDENTIFIER = "com.tarena.--";
				PRODUCT_NAME = "$(TARGET_NAME)";
			};
			name = Debug;
		};
		38ADA3CC1C626AAF0093502F /* Release */ = {
			isa = XCBuildConfiguration;
			baseConfigurationReference = 70276005029EE88E7F2474B9 /* Pods-TRProject.release.xcconfig */;
			buildSettings = {
				ASSETCATALOG_COMPILER_APPICON_NAME = AppIcon;
				FRAMEWORK_SEARCH_PATHS = (
					"$(inherited)",
					"$(PROJECT_DIR)/TRProject/umeng_ios_social_sdk_5.0_arm64_custom/UMSocial_Sdk_Extra_Frameworks/TencentOpenAPI",
				);
				GCC_PREFIX_HEADER = $PRODUCT_NAME/PrefixHeader.pch;
				INFOPLIST_FILE = TRProject/Info.plist;
				IPHONEOS_DEPLOYMENT_TARGET = 9.1;
				LD_RUNPATH_SEARCH_PATHS = "$(inherited) @executable_path/Frameworks";
				LIBRARY_SEARCH_PATHS = (
					"$(inherited)",
					"$(PROJECT_DIR)/TRProject/umeng_ios_social_sdk_5.0_arm64_custom/UMSocial_Sdk_5.0",
					"$(PROJECT_DIR)/TRProject/umeng_ios_social_sdk_5.0_arm64_custom/UMSocial_Sdk_Extra_Frameworks/AlipayShare",
					"$(PROJECT_DIR)/TRProject/umeng_ios_social_sdk_5.0_arm64_custom/UMSocial_Sdk_Extra_Frameworks/SinaSSO",
					"$(PROJECT_DIR)/TRProject/umeng_ios_social_sdk_5.0_arm64_custom/UMSocial_Sdk_Extra_Frameworks/TencentOpenAPI",
					"$(PROJECT_DIR)/TRProject/umeng_ios_social_sdk_5.0_arm64_custom/UMSocial_Sdk_Extra_Frameworks/UMSocial_ScreenShot_Sdk",
					"$(PROJECT_DIR)/TRProject/umeng_ios_social_sdk_5.0_arm64_custom/UMSocial_Sdk_Extra_Frameworks/UMSocial_Shake_Sdk",
					"$(PROJECT_DIR)/TRProject/umeng_ios_social_sdk_5.0_arm64_custom/UMSocial_Sdk_Extra_Frameworks/Wechat",
				);
				PRODUCT_BUNDLE_IDENTIFIER = "com.tarena.--";
				PRODUCT_NAME = "$(TARGET_NAME)";
			};
			name = Release;
		};
/* End XCBuildConfiguration section */

/* Begin XCConfigurationList section */
		38ADA3AE1C626AAF0093502F /* Build configuration list for PBXProject "TRProject" */ = {
			isa = XCConfigurationList;
			buildConfigurations = (
				38ADA3C81C626AAF0093502F /* Debug */,
				38ADA3C91C626AAF0093502F /* Release */,
			);
			defaultConfigurationIsVisible = 0;
			defaultConfigurationName = Release;
		};
		38ADA3CA1C626AAF0093502F /* Build configuration list for PBXNativeTarget "TRProject" */ = {
			isa = XCConfigurationList;
			buildConfigurations = (
				38ADA3CB1C626AAF0093502F /* Debug */,
				38ADA3CC1C626AAF0093502F /* Release */,
			);
			defaultConfigurationIsVisible = 0;
			defaultConfigurationName = Release;
		};
/* End XCConfigurationList section */
	};
	rootObject = 38ADA3AB1C626AAF0093502F /* Project object */;
}
